
Microsoft Visual Studio Solution File, Format Version 11.00
# Visual Studio 2010
Project("{FAE04EC0-301F-11D3-BF4B-00C04F79EFBC}") = "Assembly-CSharp-firstpass", "Assembly-CSharp-firstpass.csproj", "{3e2ebc18-7e3d-ff66-70d9-b77b0fefa5d9}"
EndProject
Project("{FAE04EC0-301F-11D3-BF4B-00C04F79EFBC}") = "Assembly-CSharp", "Assembly-CSharp.csproj", "{41778663-e884-d1a4-fa67-97546aeb58be}"
EndProject
Project("{FAE04EC0-301F-11D3-BF4B-00C04F79EFBC}") = "Assembly-CSharp-Editor", "Assembly-CSharp-Editor.csproj", "{5106669C-25F9-ED24-73BD-19AE33C7811B}"
EndProject
Project("{FAE04EC0-301F-11D3-BF4B-00C04F79EFBC}") = "Assembly-CSharp-Editor", "Assembly-CSharp-Editor.csproj", "{5106669C-25F9-ED24-73BD-19AE33C7811B}"
EndProject
Global
	GlobalSection(SolutionConfigurationPlatforms) = preSolution
		Debug|Any CPU = Debug|Any CPU
	EndGlobalSection
	GlobalSection(ProjectConfigurationPlatforms) = postSolution
<<<<<<< HEAD
		{3e2ebc18-7e3d-ff66-70d9-b77b0fefa5d9}.Debug|Any CPU.ActiveCfg = Debug|Any CPU
		{3e2ebc18-7e3d-ff66-70d9-b77b0fefa5d9}.Debug|Any CPU.Build.0 = Debug|Any CPU
		{41778663-e884-d1a4-fa67-97546aeb58be}.Debug|Any CPU.ActiveCfg = Debug|Any CPU
		{41778663-e884-d1a4-fa67-97546aeb58be}.Debug|Any CPU.Build.0 = Debug|Any CPU
=======
		{18BC2E3E-3D7E-66FF-70D9-B77B0FEFA5D9}.Debug|Any CPU.ActiveCfg = Debug|Any CPU
		{18BC2E3E-3D7E-66FF-70D9-B77B0FEFA5D9}.Debug|Any CPU.Build.0 = Debug|Any CPU
		{18BC2E3E-3D7E-66FF-70D9-B77B0FEFA5D9}.Release|Any CPU.ActiveCfg = Release|Any CPU
		{18BC2E3E-3D7E-66FF-70D9-B77B0FEFA5D9}.Release|Any CPU.Build.0 = Release|Any CPU
		{63867741-84E8-A4D1-FA67-97546AEB58BE}.Debug|Any CPU.ActiveCfg = Debug|Any CPU
		{63867741-84E8-A4D1-FA67-97546AEB58BE}.Debug|Any CPU.Build.0 = Debug|Any CPU
		{63867741-84E8-A4D1-FA67-97546AEB58BE}.Release|Any CPU.ActiveCfg = Release|Any CPU
		{63867741-84E8-A4D1-FA67-97546AEB58BE}.Release|Any CPU.Build.0 = Release|Any CPU
		{5106669C-25F9-ED24-73BD-19AE33C7811B}.Debug|Any CPU.ActiveCfg = Debug|Any CPU
		{5106669C-25F9-ED24-73BD-19AE33C7811B}.Debug|Any CPU.Build.0 = Debug|Any CPU
		{5106669C-25F9-ED24-73BD-19AE33C7811B}.Release|Any CPU.ActiveCfg = Release|Any CPU
		{5106669C-25F9-ED24-73BD-19AE33C7811B}.Release|Any CPU.Build.0 = Release|Any CPU
<<<<<<< HEAD
>>>>>>> 62f05f4 (숲 배경 색약 체험)
=======
>>>>>>> origin/kyr_branch
	EndGlobalSection
	GlobalSection(SolutionProperties) = preSolution
		HideSolutionNode = FALSE
	EndGlobalSection
EndGlobal
