
Microsoft Visual Studio Solution File, Format Version 12.00
# Visual Studio 15
Project("{FAE04EC0-301F-11D3-BF4B-00C04F79EFBC}") = "Assembly-CSharp", "Assembly-CSharp.csproj", "{63867741-84E8-A4D1-FA67-97546AEB58BE}"
EndProject
<<<<<<< HEAD
=======
Project("{FAE04EC0-301F-11D3-BF4B-00C04F79EFBC}") = "Assembly-CSharp-firstpass", "Assembly-CSharp-firstpass.csproj", "{18BC2E3E-3D7E-66FF-70D9-B77B0FEFA5D9}"
EndProject
>>>>>>> origin/main
Global
	GlobalSection(SolutionConfigurationPlatforms) = preSolution
		Debug|Any CPU = Debug|Any CPU
		Release|Any CPU = Release|Any CPU
	EndGlobalSection
	GlobalSection(ProjectConfigurationPlatforms) = postSolution
		{63867741-84E8-A4D1-FA67-97546AEB58BE}.Debug|Any CPU.ActiveCfg = Debug|Any CPU
		{63867741-84E8-A4D1-FA67-97546AEB58BE}.Debug|Any CPU.Build.0 = Debug|Any CPU
		{63867741-84E8-A4D1-FA67-97546AEB58BE}.Release|Any CPU.ActiveCfg = Release|Any CPU
		{63867741-84E8-A4D1-FA67-97546AEB58BE}.Release|Any CPU.Build.0 = Release|Any CPU
<<<<<<< HEAD
=======
		{18BC2E3E-3D7E-66FF-70D9-B77B0FEFA5D9}.Debug|Any CPU.ActiveCfg = Debug|Any CPU
		{18BC2E3E-3D7E-66FF-70D9-B77B0FEFA5D9}.Debug|Any CPU.Build.0 = Debug|Any CPU
		{18BC2E3E-3D7E-66FF-70D9-B77B0FEFA5D9}.Release|Any CPU.ActiveCfg = Release|Any CPU
		{18BC2E3E-3D7E-66FF-70D9-B77B0FEFA5D9}.Release|Any CPU.Build.0 = Release|Any CPU
>>>>>>> origin/main
	EndGlobalSection
	GlobalSection(SolutionProperties) = preSolution
		HideSolutionNode = FALSE
	EndGlobalSection
EndGlobal
